<?xml version="1.0" encoding="utf-8"?>
<Project ToolsVersion="4.0" xmlns="http://schemas.microsoft.com/developer/msbuild/2003">
  <ItemGroup>
    <Filter Include="include">
      <UniqueIdentifier>{a9663f19-c83b-45d2-8de2-a971f26081ff}</UniqueIdentifier>
    </Filter>
    <Filter Include="source">
      <UniqueIdentifier>{7fb8f99f-9beb-4973-9dbe-aee2f1b5077a}</UniqueIdentifier>
    </Filter>
  </ItemGroup>
  <ItemGroup>
    <ClInclude Include="include\framework.h">
      <Filter>include</Filter>
    </ClInclude>
    <ClInclude Include="source\graphics.hpp">
      <Filter>source</Filter>
    </ClInclude>
    <ClInclude Include="source\input.hpp">
      <Filter>source</Filter>
    </ClInclude>
    <ClInclude Include="source\sound.hpp">
      <Filter>source</Filter>
    </ClInclude>
    <ClInclude Include="source\timer.hpp">
      <Filter>source</Filter>
    </ClInclude>
  </ItemGroup>
  <ItemGroup>
    <ClCompile Include="source\framework.cpp">
      <Filter>source</Filter>
    </ClCompile>
    <ClCompile Include="source\graphics.cpp">
      <Filter>source</Filter>
    </ClCompile>
    <ClCompile Include="source\input.cpp">
      <Filter>source</Filter>
    </ClCompile>
    <ClCompile Include="source\sound.cpp">
      <Filter>source</Filter>
    </ClCompile>
    <ClCompile Include="source\timer.cpp">
      <Filter>source</Filter>
    </ClCompile>
  </ItemGroup>
</Project>