
Microsoft Visual Studio Solution File, Format Version 12.00
# Visual Studio Version 16
VisualStudioVersion = 16.0.30002.166
MinimumVisualStudioVersion = 10.0.40219.1
Project("{8BC9CEB8-8B4A-11D0-8D11-00A0C91BC942}") = "ThirdParty", "ThirdParty\ThirdParty.vcxproj", "{0627109A-7E56-478F-9169-FDCA5AA0BF50}"
EndProject
Project("{8BC9CEB8-8B4A-11D0-8D11-00A0C91BC942}") = "01-Window-Framework", "01-Window\01-Window-Framework.vcxproj", "{71EA8148-5820-4F14-A253-5A3550701482}"
EndProject
Project("{8BC9CEB8-8B4A-11D0-8D11-00A0C91BC942}") = "01-Window", "01-Window\01-Window.vcxproj", "{2845F64E-5EB3-47C6-B3F9-C42177D3F026}"
	ProjectSection(ProjectDependencies) = postProject
		{71EA8148-5820-4F14-A253-5A3550701482} = {71EA8148-5820-4F14-A253-5A3550701482}
	EndProjectSection
EndProject
Project("{8BC9CEB8-8B4A-11D0-8D11-00A0C91BC942}") = "02-Triangle", "02-Triangle\02-Triangle.vcxproj", "{48D30225-AF96-4FFE-B574-3ABE6F7BEDB8}"
	ProjectSection(ProjectDependencies) = postProject
		{71EA8148-5820-4F14-A253-5A3550701482} = {71EA8148-5820-4F14-A253-5A3550701482}
		{190EE64E-037C-4F38-90C8-2E3465251632} = {190EE64E-037C-4F38-90C8-2E3465251632}
	EndProjectSection
EndProject
Project("{8BC9CEB8-8B4A-11D0-8D11-00A0C91BC942}") = "02-Triangle-Framework", "02-Triangle\02-Triangle-Framework.vcxproj", "{190EE64E-037C-4F38-90C8-2E3465251632}"
	ProjectSection(ProjectDependencies) = postProject
		{71EA8148-5820-4F14-A253-5A3550701482} = {71EA8148-5820-4F14-A253-5A3550701482}
	EndProjectSection
EndProject
Project("{8BC9CEB8-8B4A-11D0-8D11-00A0C91BC942}") = "03-Box", "03-Box\03-Box.vcxproj", "{C9E6B919-2A71-419D-BB2D-C9F108B063C5}"
	ProjectSection(ProjectDependencies) = postProject
		{71EA8148-5820-4F14-A253-5A3550701482} = {71EA8148-5820-4F14-A253-5A3550701482}
		{190EE64E-037C-4F38-90C8-2E3465251632} = {190EE64E-037C-4F38-90C8-2E3465251632}
		{0627109A-7E56-478F-9169-FDCA5AA0BF50} = {0627109A-7E56-478F-9169-FDCA5AA0BF50}
		{C47908C3-9351-4FBE-B936-0E9AE694915C} = {C47908C3-9351-4FBE-B936-0E9AE694915C}
	EndProjectSection
EndProject
Project("{8BC9CEB8-8B4A-11D0-8D11-00A0C91BC942}") = "03-Box-Framework", "03-Box\03-Box-Framework.vcxproj", "{C47908C3-9351-4FBE-B936-0E9AE694915C}"
	ProjectSection(ProjectDependencies) = postProject
		{71EA8148-5820-4F14-A253-5A3550701482} = {71EA8148-5820-4F14-A253-5A3550701482}
		{190EE64E-037C-4F38-90C8-2E3465251632} = {190EE64E-037C-4F38-90C8-2E3465251632}
		{0627109A-7E56-478F-9169-FDCA5AA0BF50} = {0627109A-7E56-478F-9169-FDCA5AA0BF50}
	EndProjectSection
EndProject
Project("{8BC9CEB8-8B4A-11D0-8D11-00A0C91BC942}") = "04-Effects", "04-Effects\04-Effects.vcxproj", "{D4C01D1C-E09D-4F5B-A1F5-4F385D50FF4D}"
	ProjectSection(ProjectDependencies) = postProject
		{71EA8148-5820-4F14-A253-5A3550701482} = {71EA8148-5820-4F14-A253-5A3550701482}
		{190EE64E-037C-4F38-90C8-2E3465251632} = {190EE64E-037C-4F38-90C8-2E3465251632}
		{0627109A-7E56-478F-9169-FDCA5AA0BF50} = {0627109A-7E56-478F-9169-FDCA5AA0BF50}
		{867B89BF-924A-4DB9-BE78-C0168DA1B054} = {867B89BF-924A-4DB9-BE78-C0168DA1B054}
		{C47908C3-9351-4FBE-B936-0E9AE694915C} = {C47908C3-9351-4FBE-B936-0E9AE694915C}
		{727A8FEF-B3E7-4AC3-B5EA-5A4EA954F95E} = {727A8FEF-B3E7-4AC3-B5EA-5A4EA954F95E}
	EndProjectSection
EndProject
Project("{8BC9CEB8-8B4A-11D0-8D11-00A0C91BC942}") = "04-Effects-Framework", "04-Effects\04-Effects-Framework.vcxproj", "{727A8FEF-B3E7-4AC3-B5EA-5A4EA954F95E}"
	ProjectSection(ProjectDependencies) = postProject
		{71EA8148-5820-4F14-A253-5A3550701482} = {71EA8148-5820-4F14-A253-5A3550701482}
		{190EE64E-037C-4F38-90C8-2E3465251632} = {190EE64E-037C-4F38-90C8-2E3465251632}
		{0627109A-7E56-478F-9169-FDCA5AA0BF50} = {0627109A-7E56-478F-9169-FDCA5AA0BF50}
		{867B89BF-924A-4DB9-BE78-C0168DA1B054} = {867B89BF-924A-4DB9-BE78-C0168DA1B054}
		{C47908C3-9351-4FBE-B936-0E9AE694915C} = {C47908C3-9351-4FBE-B936-0E9AE694915C}
	EndProjectSection
EndProject
Project("{8BC9CEB8-8B4A-11D0-8D11-00A0C91BC942}") = "Shader", "Shader\Shader.vcxproj", "{867B89BF-924A-4DB9-BE78-C0168DA1B054}"
EndProject
Project("{8BC9CEB8-8B4A-11D0-8D11-00A0C91BC942}") = "05-Tessellation", "05-Tessellation\05-Tessellation.vcxproj", "{5C8FC24B-A35B-4B15-A28D-B2119080232F}"
	ProjectSection(ProjectDependencies) = postProject
		{71EA8148-5820-4F14-A253-5A3550701482} = {71EA8148-5820-4F14-A253-5A3550701482}
		{190EE64E-037C-4F38-90C8-2E3465251632} = {190EE64E-037C-4F38-90C8-2E3465251632}
		{0627109A-7E56-478F-9169-FDCA5AA0BF50} = {0627109A-7E56-478F-9169-FDCA5AA0BF50}
		{867B89BF-924A-4DB9-BE78-C0168DA1B054} = {867B89BF-924A-4DB9-BE78-C0168DA1B054}
		{C47908C3-9351-4FBE-B936-0E9AE694915C} = {C47908C3-9351-4FBE-B936-0E9AE694915C}
		{727A8FEF-B3E7-4AC3-B5EA-5A4EA954F95E} = {727A8FEF-B3E7-4AC3-B5EA-5A4EA954F95E}
	EndProjectSection
EndProject
Project("{8BC9CEB8-8B4A-11D0-8D11-00A0C91BC942}") = "06-Compute", "06-Compute\06-Compute.vcxproj", "{5FB99904-87F7-4C3D-A6A6-C0E754312AEB}"
	ProjectSection(ProjectDependencies) = postProject
		{71EA8148-5820-4F14-A253-5A3550701482} = {71EA8148-5820-4F14-A253-5A3550701482}
		{190EE64E-037C-4F38-90C8-2E3465251632} = {190EE64E-037C-4F38-90C8-2E3465251632}
		{0627109A-7E56-478F-9169-FDCA5AA0BF50} = {0627109A-7E56-478F-9169-FDCA5AA0BF50}
		{47D748AE-73AD-4E26-8E32-01149A333A8B} = {47D748AE-73AD-4E26-8E32-01149A333A8B}
		{867B89BF-924A-4DB9-BE78-C0168DA1B054} = {867B89BF-924A-4DB9-BE78-C0168DA1B054}
		{C47908C3-9351-4FBE-B936-0E9AE694915C} = {C47908C3-9351-4FBE-B936-0E9AE694915C}
		{727A8FEF-B3E7-4AC3-B5EA-5A4EA954F95E} = {727A8FEF-B3E7-4AC3-B5EA-5A4EA954F95E}
	EndProjectSection
EndProject
Project("{8BC9CEB8-8B4A-11D0-8D11-00A0C91BC942}") = "06-Compute-Framework", "06-Compute\06-Compute-Framework.vcxproj", "{47D748AE-73AD-4E26-8E32-01149A333A8B}"
EndProject
Global
	GlobalSection(SolutionConfigurationPlatforms) = preSolution
		Debug|x64 = Debug|x64
		Debug|x86 = Debug|x86
		Release|x64 = Release|x64
		Release|x86 = Release|x86
	EndGlobalSection
	GlobalSection(ProjectConfigurationPlatforms) = postSolution
		{0627109A-7E56-478F-9169-FDCA5AA0BF50}.Debug|x64.ActiveCfg = Debug|x64
		{0627109A-7E56-478F-9169-FDCA5AA0BF50}.Debug|x64.Build.0 = Debug|x64
		{0627109A-7E56-478F-9169-FDCA5AA0BF50}.Debug|x86.ActiveCfg = Debug|Win32
		{0627109A-7E56-478F-9169-FDCA5AA0BF50}.Debug|x86.Build.0 = Debug|Win32
		{0627109A-7E56-478F-9169-FDCA5AA0BF50}.Release|x64.ActiveCfg = Release|x64
		{0627109A-7E56-478F-9169-FDCA5AA0BF50}.Release|x64.Build.0 = Release|x64
		{0627109A-7E56-478F-9169-FDCA5AA0BF50}.Release|x86.ActiveCfg = Release|Win32
		{0627109A-7E56-478F-9169-FDCA5AA0BF50}.Release|x86.Build.0 = Release|Win32
		{71EA8148-5820-4F14-A253-5A3550701482}.Debug|x64.ActiveCfg = Debug|x64
		{71EA8148-5820-4F14-A253-5A3550701482}.Debug|x64.Build.0 = Debug|x64
		{71EA8148-5820-4F14-A253-5A3550701482}.Debug|x86.ActiveCfg = Debug|Win32
		{71EA8148-5820-4F14-A253-5A3550701482}.Debug|x86.Build.0 = Debug|Win32
		{71EA8148-5820-4F14-A253-5A3550701482}.Release|x64.ActiveCfg = Release|x64
		{71EA8148-5820-4F14-A253-5A3550701482}.Release|x64.Build.0 = Release|x64
		{71EA8148-5820-4F14-A253-5A3550701482}.Release|x86.ActiveCfg = Release|Win32
		{71EA8148-5820-4F14-A253-5A3550701482}.Release|x86.Build.0 = Release|Win32
		{2845F64E-5EB3-47C6-B3F9-C42177D3F026}.Debug|x64.ActiveCfg = Debug|x64
		{2845F64E-5EB3-47C6-B3F9-C42177D3F026}.Debug|x64.Build.0 = Debug|x64
		{2845F64E-5EB3-47C6-B3F9-C42177D3F026}.Debug|x86.ActiveCfg = Debug|Win32
		{2845F64E-5EB3-47C6-B3F9-C42177D3F026}.Debug|x86.Build.0 = Debug|Win32
		{2845F64E-5EB3-47C6-B3F9-C42177D3F026}.Release|x64.ActiveCfg = Release|x64
		{2845F64E-5EB3-47C6-B3F9-C42177D3F026}.Release|x64.Build.0 = Release|x64
		{2845F64E-5EB3-47C6-B3F9-C42177D3F026}.Release|x86.ActiveCfg = Release|Win32
		{2845F64E-5EB3-47C6-B3F9-C42177D3F026}.Release|x86.Build.0 = Release|Win32
		{48D30225-AF96-4FFE-B574-3ABE6F7BEDB8}.Debug|x64.ActiveCfg = Debug|x64
		{48D30225-AF96-4FFE-B574-3ABE6F7BEDB8}.Debug|x64.Build.0 = Debug|x64
		{48D30225-AF96-4FFE-B574-3ABE6F7BEDB8}.Debug|x86.ActiveCfg = Debug|Win32
		{48D30225-AF96-4FFE-B574-3ABE6F7BEDB8}.Debug|x86.Build.0 = Debug|Win32
		{48D30225-AF96-4FFE-B574-3ABE6F7BEDB8}.Release|x64.ActiveCfg = Release|x64
		{48D30225-AF96-4FFE-B574-3ABE6F7BEDB8}.Release|x64.Build.0 = Release|x64
		{48D30225-AF96-4FFE-B574-3ABE6F7BEDB8}.Release|x86.ActiveCfg = Release|Win32
		{48D30225-AF96-4FFE-B574-3ABE6F7BEDB8}.Release|x86.Build.0 = Release|Win32
		{190EE64E-037C-4F38-90C8-2E3465251632}.Debug|x64.ActiveCfg = Debug|x64
		{190EE64E-037C-4F38-90C8-2E3465251632}.Debug|x64.Build.0 = Debug|x64
		{190EE64E-037C-4F38-90C8-2E3465251632}.Debug|x86.ActiveCfg = Debug|Win32
		{190EE64E-037C-4F38-90C8-2E3465251632}.Debug|x86.Build.0 = Debug|Win32
		{190EE64E-037C-4F38-90C8-2E3465251632}.Release|x64.ActiveCfg = Release|x64
		{190EE64E-037C-4F38-90C8-2E3465251632}.Release|x64.Build.0 = Release|x64
		{190EE64E-037C-4F38-90C8-2E3465251632}.Release|x86.ActiveCfg = Release|Win32
		{190EE64E-037C-4F38-90C8-2E3465251632}.Release|x86.Build.0 = Release|Win32
		{C9E6B919-2A71-419D-BB2D-C9F108B063C5}.Debug|x64.ActiveCfg = Debug|x64
		{C9E6B919-2A71-419D-BB2D-C9F108B063C5}.Debug|x64.Build.0 = Debug|x64
		{C9E6B919-2A71-419D-BB2D-C9F108B063C5}.Debug|x86.ActiveCfg = Debug|Win32
		{C9E6B919-2A71-419D-BB2D-C9F108B063C5}.Debug|x86.Build.0 = Debug|Win32
		{C9E6B919-2A71-419D-BB2D-C9F108B063C5}.Release|x64.ActiveCfg = Release|x64
		{C9E6B919-2A71-419D-BB2D-C9F108B063C5}.Release|x64.Build.0 = Release|x64
		{C9E6B919-2A71-419D-BB2D-C9F108B063C5}.Release|x86.ActiveCfg = Release|Win32
		{C9E6B919-2A71-419D-BB2D-C9F108B063C5}.Release|x86.Build.0 = Release|Win32
		{C47908C3-9351-4FBE-B936-0E9AE694915C}.Debug|x64.ActiveCfg = Debug|x64
		{C47908C3-9351-4FBE-B936-0E9AE694915C}.Debug|x64.Build.0 = Debug|x64
		{C47908C3-9351-4FBE-B936-0E9AE694915C}.Debug|x86.ActiveCfg = Debug|Win32
		{C47908C3-9351-4FBE-B936-0E9AE694915C}.Debug|x86.Build.0 = Debug|Win32
		{C47908C3-9351-4FBE-B936-0E9AE694915C}.Release|x64.ActiveCfg = Release|x64
		{C47908C3-9351-4FBE-B936-0E9AE694915C}.Release|x64.Build.0 = Release|x64
		{C47908C3-9351-4FBE-B936-0E9AE694915C}.Release|x86.ActiveCfg = Release|Win32
		{C47908C3-9351-4FBE-B936-0E9AE694915C}.Release|x86.Build.0 = Release|Win32
		{D4C01D1C-E09D-4F5B-A1F5-4F385D50FF4D}.Debug|x64.ActiveCfg = Debug|x64
		{D4C01D1C-E09D-4F5B-A1F5-4F385D50FF4D}.Debug|x64.Build.0 = Debug|x64
		{D4C01D1C-E09D-4F5B-A1F5-4F385D50FF4D}.Debug|x86.ActiveCfg = Debug|Win32
		{D4C01D1C-E09D-4F5B-A1F5-4F385D50FF4D}.Debug|x86.Build.0 = Debug|Win32
		{D4C01D1C-E09D-4F5B-A1F5-4F385D50FF4D}.Release|x64.ActiveCfg = Release|x64
		{D4C01D1C-E09D-4F5B-A1F5-4F385D50FF4D}.Release|x64.Build.0 = Release|x64
		{D4C01D1C-E09D-4F5B-A1F5-4F385D50FF4D}.Release|x86.ActiveCfg = Release|Win32
		{D4C01D1C-E09D-4F5B-A1F5-4F385D50FF4D}.Release|x86.Build.0 = Release|Win32
		{727A8FEF-B3E7-4AC3-B5EA-5A4EA954F95E}.Debug|x64.ActiveCfg = Debug|x64
		{727A8FEF-B3E7-4AC3-B5EA-5A4EA954F95E}.Debug|x64.Build.0 = Debug|x64
		{727A8FEF-B3E7-4AC3-B5EA-5A4EA954F95E}.Debug|x86.ActiveCfg = Debug|Win32
		{727A8FEF-B3E7-4AC3-B5EA-5A4EA954F95E}.Debug|x86.Build.0 = Debug|Win32
		{727A8FEF-B3E7-4AC3-B5EA-5A4EA954F95E}.Release|x64.ActiveCfg = Release|x64
		{727A8FEF-B3E7-4AC3-B5EA-5A4EA954F95E}.Release|x64.Build.0 = Release|x64
		{727A8FEF-B3E7-4AC3-B5EA-5A4EA954F95E}.Release|x86.ActiveCfg = Release|Win32
		{727A8FEF-B3E7-4AC3-B5EA-5A4EA954F95E}.Release|x86.Build.0 = Release|Win32
		{867B89BF-924A-4DB9-BE78-C0168DA1B054}.Debug|x64.ActiveCfg = Debug|x64
		{867B89BF-924A-4DB9-BE78-C0168DA1B054}.Debug|x64.Build.0 = Debug|x64
		{867B89BF-924A-4DB9-BE78-C0168DA1B054}.Debug|x86.ActiveCfg = Debug|Win32
		{867B89BF-924A-4DB9-BE78-C0168DA1B054}.Debug|x86.Build.0 = Debug|Win32
		{867B89BF-924A-4DB9-BE78-C0168DA1B054}.Release|x64.ActiveCfg = Release|x64
		{867B89BF-924A-4DB9-BE78-C0168DA1B054}.Release|x64.Build.0 = Release|x64
		{867B89BF-924A-4DB9-BE78-C0168DA1B054}.Release|x86.ActiveCfg = Release|Win32
		{867B89BF-924A-4DB9-BE78-C0168DA1B054}.Release|x86.Build.0 = Release|Win32
		{5C8FC24B-A35B-4B15-A28D-B2119080232F}.Debug|x64.ActiveCfg = Debug|x64
		{5C8FC24B-A35B-4B15-A28D-B2119080232F}.Debug|x64.Build.0 = Debug|x64
		{5C8FC24B-A35B-4B15-A28D-B2119080232F}.Debug|x86.ActiveCfg = Debug|Win32
		{5C8FC24B-A35B-4B15-A28D-B2119080232F}.Debug|x86.Build.0 = Debug|Win32
		{5C8FC24B-A35B-4B15-A28D-B2119080232F}.Release|x64.ActiveCfg = Release|x64
		{5C8FC24B-A35B-4B15-A28D-B2119080232F}.Release|x64.Build.0 = Release|x64
		{5C8FC24B-A35B-4B15-A28D-B2119080232F}.Release|x86.ActiveCfg = Release|Win32
		{5C8FC24B-A35B-4B15-A28D-B2119080232F}.Release|x86.Build.0 = Release|Win32
		{5FB99904-87F7-4C3D-A6A6-C0E754312AEB}.Debug|x64.ActiveCfg = Debug|x64
		{5FB99904-87F7-4C3D-A6A6-C0E754312AEB}.Debug|x64.Build.0 = Debug|x64
		{5FB99904-87F7-4C3D-A6A6-C0E754312AEB}.Debug|x86.ActiveCfg = Debug|Win32
		{5FB99904-87F7-4C3D-A6A6-C0E754312AEB}.Debug|x86.Build.0 = Debug|Win32
		{5FB99904-87F7-4C3D-A6A6-C0E754312AEB}.Release|x64.ActiveCfg = Release|x64
		{5FB99904-87F7-4C3D-A6A6-C0E754312AEB}.Release|x64.Build.0 = Release|x64
		{5FB99904-87F7-4C3D-A6A6-C0E754312AEB}.Release|x86.ActiveCfg = Release|Win32
		{5FB99904-87F7-4C3D-A6A6-C0E754312AEB}.Release|x86.Build.0 = Release|Win32
		{47D748AE-73AD-4E26-8E32-01149A333A8B}.Debug|x64.ActiveCfg = Debug|x64
		{47D748AE-73AD-4E26-8E32-01149A333A8B}.Debug|x64.Build.0 = Debug|x64
		{47D748AE-73AD-4E26-8E32-01149A333A8B}.Debug|x86.ActiveCfg = Debug|Win32
		{47D748AE-73AD-4E26-8E32-01149A333A8B}.Debug|x86.Build.0 = Debug|Win32
		{47D748AE-73AD-4E26-8E32-01149A333A8B}.Release|x64.ActiveCfg = Release|x64
		{47D748AE-73AD-4E26-8E32-01149A333A8B}.Release|x64.Build.0 = Release|x64
		{47D748AE-73AD-4E26-8E32-01149A333A8B}.Release|x86.ActiveCfg = Release|Win32
		{47D748AE-73AD-4E26-8E32-01149A333A8B}.Release|x86.Build.0 = Release|Win32
	EndGlobalSection
	GlobalSection(SolutionProperties) = preSolution
		HideSolutionNode = FALSE
	EndGlobalSection
	GlobalSection(ExtensibilityGlobals) = postSolution
		SolutionGuid = {5B4F5D6D-AD4F-4554-B799-CE8E361876A3}
	EndGlobalSection
EndGlobal
