<?xml version="1.0" encoding="utf-8"?>
<Project ToolsVersion="4.0" xmlns="http://schemas.microsoft.com/developer/msbuild/2003">
  <ItemGroup>
    <ClCompile Include="SampleMaterial.cpp" />
    <ClCompile Include="SampleModel.cpp" />
    <ClCompile Include="SampleShaderVariants.cpp" />
  </ItemGroup>
  <ItemGroup>
    <ClInclude Include="SampleMaterial.hpp" />
    <ClInclude Include="SampleModel.hpp" />
    <ClInclude Include="SampleShaderVariants.hpp" />
  </ItemGroup>
</Project>