<?xml version="1.0" encoding="utf-8"?>
<Project ToolsVersion="4.0" xmlns="http://schemas.microsoft.com/developer/msbuild/2003">
  <ItemGroup>
    <ClCompile Include="SampleDevice.cpp" />
    <ClCompile Include="SampleWindow.cpp" />
  </ItemGroup>
  <ItemGroup>
    <ClInclude Include="SampleDevice.hpp" />
    <ClInclude Include="SampleTypes.hpp" />
    <ClInclude Include="SampleWindow.hpp" />
  </ItemGroup>
</Project>