
Microsoft Visual Studio Solution File, Format Version 12.00
# Visual Studio Version 16
VisualStudioVersion = 16.0.30104.148
MinimumVisualStudioVersion = 10.0.40219.1
Project("{8BC9CEB8-8B4A-11D0-8D11-00A0C91BC942}") = "Containers", "Containers\Containers.vcxproj", "{A49161E8-5D6B-41E0-B027-25F951CB8B37}"
EndProject
Global
	GlobalSection(SolutionConfigurationPlatforms) = preSolution
		Debug|x64 = Debug|x64
		Debug|x86 = Debug|x86
		Release|x64 = Release|x64
		Release|x86 = Release|x86
	EndGlobalSection
	GlobalSection(ProjectConfigurationPlatforms) = postSolution
		{A49161E8-5D6B-41E0-B027-25F951CB8B37}.Debug|x64.ActiveCfg = Debug|x64
		{A49161E8-5D6B-41E0-B027-25F951CB8B37}.Debug|x64.Build.0 = Debug|x64
		{A49161E8-5D6B-41E0-B027-25F951CB8B37}.Debug|x86.ActiveCfg = Debug|Win32
		{A49161E8-5D6B-41E0-B027-25F951CB8B37}.Debug|x86.Build.0 = Debug|Win32
		{A49161E8-5D6B-41E0-B027-25F951CB8B37}.Release|x64.ActiveCfg = Release|x64
		{A49161E8-5D6B-41E0-B027-25F951CB8B37}.Release|x64.Build.0 = Release|x64
		{A49161E8-5D6B-41E0-B027-25F951CB8B37}.Release|x86.ActiveCfg = Release|Win32
		{A49161E8-5D6B-41E0-B027-25F951CB8B37}.Release|x86.Build.0 = Release|Win32
	EndGlobalSection
	GlobalSection(SolutionProperties) = preSolution
		HideSolutionNode = FALSE
	EndGlobalSection
	GlobalSection(ExtensibilityGlobals) = postSolution
		SolutionGuid = {A085496E-2BE4-424F-9B15-E5535272F511}
	EndGlobalSection
EndGlobal
